# THIS IS AN AUTOGENERATED FILE. DO NOT EDIT THIS FILE DIRECTLY.
# yarn lockfile v1


lefthook-darwin-arm64@2.1.17:
  version "2.1.17"
  resolved "https://registry.yarnpkg.com/lefthook-darwin-arm64/-/lefthook-darwin-arm64-2.1.17.tgz#5e2e3ca42797a1aae7c61cafd20ee8e73085a1fb"
  integrity sha512-BHF3rD0qmwBulLLe5EdPYQVGvPibZZqHnSPpWT+LgPyYk2+GxtScLJvSD/NgCOFU49Fzs6XgOHg/zlfXcdKFfQ==

lefthook-darwin-x64@2.1.17:
  version "2.1.17"
  resolved "https://registry.yarnpkg.com/lefthook-darwin-x64/-/lefthook-darwin-x64-2.1.17.tgz#86318a228690f79ce61f3bd1b7cf867dec5f3490"
  integrity sha512-wRgqAKw2UUQz8eR5pBRo1Cfk2Jaao3u5b6n8EsLcJ6bCVP0pLLhFrNjE1UsTCOlriN7+GgI9SC0l1+zr2eVbTA==

lefthook-freebsd-arm64@2.1.17:
  version "2.1.17"
  resolved "https://registry.yarnpkg.com/lefthook-freebsd-arm64/-/lefthook-freebsd-arm64-2.1.17.tgz#9420b4718e4b45d8908b2485ccdf16ff046167c9"
  integrity sha512-pECdcOu/oImbaQyBbmnQyNhdpu1L/bUageBoHSesDB3+2vyHEd6Q3buTUETrI+/gsL993FK5jHnyzsY1X2IFsQ==

lefthook-freebsd-x64@2.1.17:
  version "2.1.17"
  resolved "https://registry.yarnpkg.com/lefthook-freebsd-x64/-/lefthook-freebsd-x64-2.1.17.tgz#8ef556db554336666d309bdc1e953d8deeb58541"
  integrity sha512-+z+GPl4mxZC0AcJICDazAWxExz4f8JPW7rvGUQ4Ao8flfmNUoyenrtsx9PUp00KdI+8zPjIujuLMSIEN52y1hQ==

lefthook-linux-arm64@2.1.17:
  version "2.1.17"
  resolved "https://registry.yarnpkg.com/lefthook-linux-arm64/-/lefthook-linux-arm64-2.1.17.tgz#3a7385a1dd694985f547a1940ab46556cdb588f9"
  integrity sha512-q01FgqafSJo4WQ6rHj4J1AUe8WLlReZ4Sx5qIjdXMjFuQsbLKlaWUWnJMmZkQQwsi195zDGtOycU44c0vozPiw==

lefthook-linux-x64@2.1.17:
  version "2.1.17"
  resolved "https://registry.yarnpkg.com/lefthook-linux-x64/-/lefthook-linux-x64-2.1.17.tgz#ca3f97d316fdc2243ac3dfd30b98a822af4f3bab"
  integrity sha512-NyWgJyhmkPspgnhNSvkusKNjCyOOnwiE/IFKkAFkMNfTlst0Dv3UVNxe0e/DlgsGbbFLVieFKhwd4twI2RKoOQ==

lefthook-openbsd-arm64@2.1.17:
  version "2.1.17"
  resolved "https://registry.yarnpkg.com/lefthook-openbsd-arm64/-/lefthook-openbsd-arm64-2.1.17.tgz#88222ead7979d4f1526bc08a18a44c5ea3137d11"
  integrity sha512-zhIY2sel/yHeIJbQfnlAx+xnIJf6Yh0/RG/Ont33VzCXrzMf4jczQwEAu6VdAD7Ms/Tiv3b9t8aTk7LrU4byJA==

lefthook-openbsd-x64@2.1.17:
  version "2.1.17"
  resolved "https://registry.yarnpkg.com/lefthook-openbsd-x64/-/lefthook-openbsd-x64-2.1.17.tgz#203df783298b176cb35bdd885c24c87b7433476c"
  integrity sha512-aHGnjzyyFBOQEJjmie7px67nNVRUJ+DUG2R/BOSABdH/sGwVYLg6GG0pjnSUkWPoIv3T+CFoG9YcGYO+h3MLoQ==

lefthook-windows-arm64@2.1.17:
  version "2.1.17"
  resolved "https://registry.yarnpkg.com/lefthook-windows-arm64/-/lefthook-windows-arm64-2.1.17.tgz#049a8e5fc9fba17c8cd89cd517e66fa67f7b12b4"
  integrity sha512-NN6Ke+O019lhlGAbrbFDf719E4vGt0Y0O30Gr5Yoe3ZdFW6qQFOlP+gVq/shFvJ7iw6rFA/xyOu6wgM+Lytimg==

lefthook-windows-x64@2.1.17:
  version "2.1.17"
  resolved "https://registry.yarnpkg.com/lefthook-windows-x64/-/lefthook-windows-x64-2.1.17.tgz#77de3e136119a1a47cbe5d94e8a56ab2a1b29103"
  integrity sha512-yV07jCYAzqr4UoMFtVs5frVgKzxppWd/tjr6OpXpxYqB47fomx3w9vxgEOlb2opODFTFm2wdeESLfwVO9Cy/DQ==

lefthook@^2.1.17:
  version "2.1.17"
  resolved "https://registry.yarnpkg.com/lefthook/-/lefthook-2.1.17.tgz#9ba1fac75cc3672df56e1a8c09ed6bad6e067a42"
  integrity sha512-UWpD0VvZNIA2eA/+x4DvFlIT7uxH7aPrPrShE6nsIrX5qHJXxgDkoslAzF73X/YL2o0/9zDw3aOfpr98XchKFw==
  optionalDependencies:
    lefthook-darwin-arm64 "2.1.17"
    lefthook-darwin-x64 "2.1.17"
    lefthook-freebsd-arm64 "2.1.17"
    lefthook-freebsd-x64 "2.1.17"
    lefthook-linux-arm64 "2.1.17"
    lefthook-linux-x64 "2.1.17"
    lefthook-openbsd-arm64 "2.1.17"
    lefthook-openbsd-x64 "2.1.17"
    lefthook-windows-arm64 "2.1.17"
    lefthook-windows-x64 "2.1.17"
