# THIS IS AN AUTOGENERATED FILE. DO NOT EDIT THIS FILE DIRECTLY.
# yarn lockfile v1


husky@^8.0.3:
  version "8.0.3"
  resolved "https://registry.yarnpkg.com/husky/-/husky-8.0.3.tgz#4936d7212e46d1dea28fef29bb3a108872cd9184"
  integrity sha512-+dQSyqPh4x1hlO1swXBiNb2HzTDN1I2IGLQx1GrBuiqFJfoMrnZWwVmatvSiO+Iz8fBUnf+lekwNo4c2LlXItg==

lefthook-darwin-arm64@1.5.2:
  version "1.5.2"
  resolved "https://registry.yarnpkg.com/lefthook-darwin-arm64/-/lefthook-darwin-arm64-1.5.2.tgz#5614a3939de3ee4fdc0210749c1087a43d76f4d0"
  integrity sha512-uyYEgj4GTytw3g2mMkPBoGAxSYscEqm6yQVuYDcuwE2Ns6+E997KMxVhFXIg+w76zIVmwfBc3ZwP0Ga9Xr1TJQ==

lefthook-darwin-x64@1.5.2:
  version "1.5.2"
  resolved "https://registry.yarnpkg.com/lefthook-darwin-x64/-/lefthook-darwin-x64-1.5.2.tgz#84d0069de96bf5f36e4323b77a61613be09fbcf3"
  integrity sha512-7l6mZ9TGbkLxozN0XHn+io4c9TQIUwT7hOJFAEW7sjKtrmPNLaf+xnATiqSD2DEbG6y6x4n8WF/j95FqkjcZLg==

lefthook-freebsd-arm64@1.5.2:
  version "1.5.2"
  resolved "https://registry.yarnpkg.com/lefthook-freebsd-arm64/-/lefthook-freebsd-arm64-1.5.2.tgz#c34b126213e7bef7eedecade45c93f2f165866a9"
  integrity sha512-7CqflCMajTEo//gUbwjNpxZYeT+BhPW65RosKfGyOG4jRq1aqW8AoLutu+vx0wsFn/M+S7lcnyxmGWtXur6+mw==

lefthook-freebsd-x64@1.5.2:
  version "1.5.2"
  resolved "https://registry.yarnpkg.com/lefthook-freebsd-x64/-/lefthook-freebsd-x64-1.5.2.tgz#fba2b9ee2302716a7dfc9a6479a51cec346378d2"
  integrity sha512-D6bEvOqipu/NyTTHvjnwGw/2Y03SQhWqs/pUwJOKrb/Za4T91i3fu8ULn4jyafn7Svm1iI/l8EpGPFuzbiaFvQ==

lefthook-linux-arm64@1.5.2:
  version "1.5.2"
  resolved "https://registry.yarnpkg.com/lefthook-linux-arm64/-/lefthook-linux-arm64-1.5.2.tgz#44b06829a5f7640c57c6d631d24ec97df6c5893e"
  integrity sha512-tCfF92enT/RwfWVYxhlCxSnutGuqOkIM0XqoPcQEHJuWIEvaFgZ2VgNnfBTusOffVMGd1Ue2ouU4Z77ZZ8TH0Q==

lefthook-linux-x64@1.5.2:
  version "1.5.2"
  resolved "https://registry.yarnpkg.com/lefthook-linux-x64/-/lefthook-linux-x64-1.5.2.tgz#97e9cefcb163ade94af06a5dc8af78d6d07b700d"
  integrity sha512-rZeYS7LcLRJAYZsYzS7/uKCQwnNf7clyhpWADIyyIXj73SX3QoF0wBrCMHUMa72zpRsbIu5Sz/SYiTKCcUGU0w==

lefthook-windows-arm64@1.5.2:
  version "1.5.2"
  resolved "https://registry.yarnpkg.com/lefthook-windows-arm64/-/lefthook-windows-arm64-1.5.2.tgz#1e1155f67833f21676fb6c3386cd90a65e9cf6d4"
  integrity sha512-jT8Nc5eOfsf1uGYjodODtIEEOEOxvu6GnOPwpvlWwAG693abA+eocdjRB855sa1RR4CekmcKXi7/1E6iVHzY5A==

lefthook-windows-x64@1.5.2:
  version "1.5.2"
  resolved "https://registry.yarnpkg.com/lefthook-windows-x64/-/lefthook-windows-x64-1.5.2.tgz#009d1b7698438d10983264a3108b7ef0f3603932"
  integrity sha512-tPN0957RhpPC74aUTDk6+wYcU46K2js6oQcLipurQJvD5LAsS8h2HcXePBnsiLQjpOcRt0aLWHQnNS7ilTxVPw==

lefthook@^1.5.2:
  version "1.5.2"
  resolved "https://registry.yarnpkg.com/lefthook/-/lefthook-1.5.2.tgz#72b4f748fd6fcf97869372e433f3fe9f4b60587b"
  integrity sha512-pksQpriXJArZ5AsSztkFbBVHyttGgQ1tqiUkAWlLKBwqSV/KJdOkS+c/yWo75QB88TgvWyypYWvpUgpqUKlBKQ==
  optionalDependencies:
    lefthook-darwin-arm64 "1.5.2"
    lefthook-darwin-x64 "1.5.2"
    lefthook-freebsd-arm64 "1.5.2"
    lefthook-freebsd-x64 "1.5.2"
    lefthook-linux-arm64 "1.5.2"
    lefthook-linux-x64 "1.5.2"
    lefthook-windows-arm64 "1.5.2"
    lefthook-windows-x64 "1.5.2"
